
Microsoft Visual Studio Solution File, Format Version 12.00
# Visual Studio Version 17
VisualStudioVersion = 17.8.34316.72
MinimumVisualStudioVersion = 10.0.40219.1
Project("{FAE04EC0-301F-11D3-BF4B-00C04F79EFBC}") = "TimeNowExample", "TimeNowExample.csproj", "{1FD517DE-E97B-4BC9-A17E-FD50DADA5AD6}"
EndProject
Global
	GlobalSection(SolutionConfigurationPlatforms) = preSolution
		Debug|Any CPU = Debug|Any CPU
		Release|Any CPU = Release|Any CPU
	EndGlobalSection
	GlobalSection(ProjectConfigurationPlatforms) = postSolution
		{1FD517DE-E97B-4BC9-A17E-FD50DADA5AD6}.Debug|Any CPU.ActiveCfg = Debug|Any CPU
		{1FD517DE-E97B-4BC9-A17E-FD50DADA5AD6}.Debug|Any CPU.Build.0 = Debug|Any CPU
		{1FD517DE-E97B-4BC9-A17E-FD50DADA5AD6}.Release|Any CPU.ActiveCfg = Release|Any CPU
		{1FD517DE-E97B-4BC9-A17E-FD50DADA5AD6}.Release|Any CPU.Build.0 = Release|Any CPU
	EndGlobalSection
	GlobalSection(SolutionProperties) = preSolution
		HideSolutionNode = FALSE
	EndGlobalSection
	GlobalSection(ExtensibilityGlobals) = postSolution
		SolutionGuid = {454077B2-53D6-4D88-867C-F68CEE430188}
	EndGlobalSection
EndGlobal
